
Microsoft Visual Studio Solution File, Format Version 12.00
# Visual Studio Version 16
VisualStudioVersion = 16.0.29728.190
MinimumVisualStudioVersion = 10.0.40219.1
Project("{FAE04EC0-301F-11D3-BF4B-00C04F79EFBC}") = "ListLongWords", "ListLongWords\ListLongWords.csproj", "{24840DA8-6597-4C7A-A414-6E6C81197FFE}"
EndProject
Global
	GlobalSection(SolutionConfigurationPlatforms) = preSolution
		Debug|Any CPU = Debug|Any CPU
		Release|Any CPU = Release|Any CPU
	EndGlobalSection
	GlobalSection(ProjectConfigurationPlatforms) = postSolution
		{24840DA8-6597-4C7A-A414-6E6C81197FFE}.Debug|Any CPU.ActiveCfg = Debug|Any CPU
		{24840DA8-6597-4C7A-A414-6E6C81197FFE}.Debug|Any CPU.Build.0 = Debug|Any CPU
		{24840DA8-6597-4C7A-A414-6E6C81197FFE}.Release|Any CPU.ActiveCfg = Release|Any CPU
		{24840DA8-6597-4C7A-A414-6E6C81197FFE}.Release|Any CPU.Build.0 = Release|Any CPU
	EndGlobalSection
	GlobalSection(SolutionProperties) = preSolution
		HideSolutionNode = FALSE
	EndGlobalSection
	GlobalSection(ExtensibilityGlobals) = postSolution
		SolutionGuid = {C4C245D9-83C7-4AD9-83E6-593D0D7F6E5B}
	EndGlobalSection
EndGlobal
