
Microsoft Visual Studio Solution File, Format Version 12.00
# Visual Studio Version 16
VisualStudioVersion = 16.0.30517.126
MinimumVisualStudioVersion = 10.0.40219.1
Project("{FAE04EC0-301F-11D3-BF4B-00C04F79EFBC}") = "Transactions", "Transactions\Transactions.csproj", "{A99A93C1-F7FC-4762-B37A-58BFCACA1249}"
EndProject
Project("{FAE04EC0-301F-11D3-BF4B-00C04F79EFBC}") = "Bank", "Bank\Bank.csproj", "{7C2CC158-5D69-44D2-BFE3-1A505BD3E01D}"
EndProject
Project("{FAE04EC0-301F-11D3-BF4B-00C04F79EFBC}") = "TransactionsUnitTestProject", "TransactionsUnitTestProject\TransactionsUnitTestProject.csproj", "{500AF00A-EAFB-4F1A-9A47-95C262892C4F}"
EndProject
Global
	GlobalSection(SolutionConfigurationPlatforms) = preSolution
		Debug|Any CPU = Debug|Any CPU
		Release|Any CPU = Release|Any CPU
	EndGlobalSection
	GlobalSection(ProjectConfigurationPlatforms) = postSolution
		{A99A93C1-F7FC-4762-B37A-58BFCACA1249}.Debug|Any CPU.ActiveCfg = Debug|Any CPU
		{A99A93C1-F7FC-4762-B37A-58BFCACA1249}.Debug|Any CPU.Build.0 = Debug|Any CPU
		{A99A93C1-F7FC-4762-B37A-58BFCACA1249}.Release|Any CPU.ActiveCfg = Release|Any CPU
		{A99A93C1-F7FC-4762-B37A-58BFCACA1249}.Release|Any CPU.Build.0 = Release|Any CPU
		{7C2CC158-5D69-44D2-BFE3-1A505BD3E01D}.Debug|Any CPU.ActiveCfg = Debug|Any CPU
		{7C2CC158-5D69-44D2-BFE3-1A505BD3E01D}.Debug|Any CPU.Build.0 = Debug|Any CPU
		{7C2CC158-5D69-44D2-BFE3-1A505BD3E01D}.Release|Any CPU.ActiveCfg = Release|Any CPU
		{7C2CC158-5D69-44D2-BFE3-1A505BD3E01D}.Release|Any CPU.Build.0 = Release|Any CPU
		{500AF00A-EAFB-4F1A-9A47-95C262892C4F}.Debug|Any CPU.ActiveCfg = Debug|Any CPU
		{500AF00A-EAFB-4F1A-9A47-95C262892C4F}.Debug|Any CPU.Build.0 = Debug|Any CPU
		{500AF00A-EAFB-4F1A-9A47-95C262892C4F}.Release|Any CPU.ActiveCfg = Release|Any CPU
		{500AF00A-EAFB-4F1A-9A47-95C262892C4F}.Release|Any CPU.Build.0 = Release|Any CPU
	EndGlobalSection
	GlobalSection(SolutionProperties) = preSolution
		HideSolutionNode = FALSE
	EndGlobalSection
	GlobalSection(ExtensibilityGlobals) = postSolution
		SolutionGuid = {1A8E6041-889E-4672-A134-070319DA58FA}
	EndGlobalSection
EndGlobal
